
Microsoft Visual Studio Solution File, Format Version 12.00
# Visual Studio Version 17
VisualStudioVersion = 17.9.34728.123
MinimumVisualStudioVersion = 10.0.40219.1
Project("{9A19103F-16F7-4668-BE54-9A1E7A4F7556}") = "PB102App", "PB102App\PB102App.csproj", "{3937B4A2-69A2-45E6-9AC1-5F4C5A98803B}"
EndProject
Global
	GlobalSection(SolutionConfigurationPlatforms) = preSolution
		Debug|Any CPU = Debug|Any CPU
		Release|Any CPU = Release|Any CPU
	EndGlobalSection
	GlobalSection(ProjectConfigurationPlatforms) = postSolution
		{3937B4A2-69A2-45E6-9AC1-5F4C5A98803B}.Debug|Any CPU.ActiveCfg = Debug|Any CPU
		{3937B4A2-69A2-45E6-9AC1-5F4C5A98803B}.Debug|Any CPU.Build.0 = Debug|Any CPU
		{3937B4A2-69A2-45E6-9AC1-5F4C5A98803B}.Release|Any CPU.ActiveCfg = Release|Any CPU
		{3937B4A2-69A2-45E6-9AC1-5F4C5A98803B}.Release|Any CPU.Build.0 = Release|Any CPU
	EndGlobalSection
	GlobalSection(SolutionProperties) = preSolution
		HideSolutionNode = FALSE
	EndGlobalSection
	GlobalSection(ExtensibilityGlobals) = postSolution
		SolutionGuid = {08D752CA-7166-45C3-86ED-6C5049639E11}
	EndGlobalSection
EndGlobal
